
Microsoft Visual Studio Solution File, Format Version 12.00
# Visual Studio Version 16
VisualStudioVersion = 16.0.29920.165
MinimumVisualStudioVersion = 10.0.40219.1
Project("{2150E333-8FDC-42A3-9474-1A3956D46DE8}") = "Docs", "Docs", "{68060C2C-69E5-47A3-8F92-38694AC21C4F}"
EndProject
Project("{2150E333-8FDC-42A3-9474-1A3956D46DE8}") = "SQL", "SQL", "{1FA89053-8E11-47A3-8E7A-D20A6538F771}"
	ProjectSection(SolutionItems) = preProject
		Docs\SQL\Northwind.sql = Docs\SQL\Northwind.sql
		Docs\SQL\SeedData_Down.sql = Docs\SQL\SeedData_Down.sql
		Docs\SQL\SeedData_Up.sql = Docs\SQL\SeedData_Up.sql
	EndProjectSection
EndProject
Project("{2150E333-8FDC-42A3-9474-1A3956D46DE8}") = "Src", "Src", "{6A707B92-B6A5-4A93-BE12-E6102BE8E0F2}"
EndProject
Project("{2150E333-8FDC-42A3-9474-1A3956D46DE8}") = "Core", "Core", "{7923A457-421F-45E6-91F7-34112A1E72F2}"
EndProject
Project("{2150E333-8FDC-42A3-9474-1A3956D46DE8}") = "Infrastructure", "Infrastructure", "{05752DED-6FF4-42AC-B97C-197F4369C231}"
EndProject
Project("{2150E333-8FDC-42A3-9474-1A3956D46DE8}") = "Presentation", "Presentation", "{A502A74E-1F5A-457F-B21D-70119D267305}"
EndProject
Project("{2150E333-8FDC-42A3-9474-1A3956D46DE8}") = "Tests", "Tests", "{03F94C90-AE4C-4261-93FC-55B5F927E09D}"
EndProject
Project("{9A19103F-16F7-4668-BE54-9A1E7A4F7556}") = "WebUI.IntegrationTests", "Tests\WebUI.IntegrationTests\WebUI.IntegrationTests.csproj", "{8F4DF3E2-5990-44BA-B738-905DF810D160}"
EndProject
Project("{9A19103F-16F7-4668-BE54-9A1E7A4F7556}") = "Domain", "Src\Domain\Domain.csproj", "{8203E99C-FAA9-4118-80ED-DE7784B70445}"
EndProject
Project("{9A19103F-16F7-4668-BE54-9A1E7A4F7556}") = "Persistence", "Src\Persistence\Persistence.csproj", "{5E476A13-0691-49A3-8692-7EDFBC97386C}"
EndProject
Project("{9A19103F-16F7-4668-BE54-9A1E7A4F7556}") = "WebUI", "Src\WebUI\WebUI.csproj", "{EF0FFDA3-1EC6-4787-A811-652CF5CD93E4}"
EndProject
Global
	GlobalSection(SolutionConfigurationPlatforms) = preSolution
		Debug|Any CPU = Debug|Any CPU
		Release|Any CPU = Release|Any CPU
	EndGlobalSection
	GlobalSection(ProjectConfigurationPlatforms) = postSolution
		{8F4DF3E2-5990-44BA-B738-905DF810D160}.Debug|Any CPU.ActiveCfg = Debug|Any CPU
		{8F4DF3E2-5990-44BA-B738-905DF810D160}.Debug|Any CPU.Build.0 = Debug|Any CPU
		{8F4DF3E2-5990-44BA-B738-905DF810D160}.Release|Any CPU.ActiveCfg = Release|Any CPU
		{8F4DF3E2-5990-44BA-B738-905DF810D160}.Release|Any CPU.Build.0 = Release|Any CPU
		{8203E99C-FAA9-4118-80ED-DE7784B70445}.Debug|Any CPU.ActiveCfg = Debug|Any CPU
		{8203E99C-FAA9-4118-80ED-DE7784B70445}.Debug|Any CPU.Build.0 = Debug|Any CPU
		{8203E99C-FAA9-4118-80ED-DE7784B70445}.Release|Any CPU.ActiveCfg = Release|Any CPU
		{8203E99C-FAA9-4118-80ED-DE7784B70445}.Release|Any CPU.Build.0 = Release|Any CPU
		{5E476A13-0691-49A3-8692-7EDFBC97386C}.Debug|Any CPU.ActiveCfg = Debug|Any CPU
		{5E476A13-0691-49A3-8692-7EDFBC97386C}.Debug|Any CPU.Build.0 = Debug|Any CPU
		{5E476A13-0691-49A3-8692-7EDFBC97386C}.Release|Any CPU.ActiveCfg = Release|Any CPU
		{5E476A13-0691-49A3-8692-7EDFBC97386C}.Release|Any CPU.Build.0 = Release|Any CPU
		{EF0FFDA3-1EC6-4787-A811-652CF5CD93E4}.Debug|Any CPU.ActiveCfg = Debug|Any CPU
		{EF0FFDA3-1EC6-4787-A811-652CF5CD93E4}.Debug|Any CPU.Build.0 = Debug|Any CPU
		{EF0FFDA3-1EC6-4787-A811-652CF5CD93E4}.Release|Any CPU.ActiveCfg = Release|Any CPU
		{EF0FFDA3-1EC6-4787-A811-652CF5CD93E4}.Release|Any CPU.Build.0 = Release|Any CPU
	EndGlobalSection
	GlobalSection(SolutionProperties) = preSolution
		HideSolutionNode = FALSE
	EndGlobalSection
	GlobalSection(NestedProjects) = preSolution
		{1FA89053-8E11-47A3-8E7A-D20A6538F771} = {68060C2C-69E5-47A3-8F92-38694AC21C4F}
		{7923A457-421F-45E6-91F7-34112A1E72F2} = {6A707B92-B6A5-4A93-BE12-E6102BE8E0F2}
		{05752DED-6FF4-42AC-B97C-197F4369C231} = {6A707B92-B6A5-4A93-BE12-E6102BE8E0F2}
		{A502A74E-1F5A-457F-B21D-70119D267305} = {6A707B92-B6A5-4A93-BE12-E6102BE8E0F2}
		{8F4DF3E2-5990-44BA-B738-905DF810D160} = {03F94C90-AE4C-4261-93FC-55B5F927E09D}
		{8203E99C-FAA9-4118-80ED-DE7784B70445} = {7923A457-421F-45E6-91F7-34112A1E72F2}
		{5E476A13-0691-49A3-8692-7EDFBC97386C} = {05752DED-6FF4-42AC-B97C-197F4369C231}
		{EF0FFDA3-1EC6-4787-A811-652CF5CD93E4} = {A502A74E-1F5A-457F-B21D-70119D267305}
	EndGlobalSection
	GlobalSection(ExtensibilityGlobals) = postSolution
		SolutionGuid = {09DFCC8F-4782-4F78-8F57-59CEFA24805D}
	EndGlobalSection
EndGlobal
